{
  "name": "text-annotator",
  "version": "1.0.0",
  "lockfileVersion": 1,
  "requires": true,
  "dependencies": {
    "crowdcurio-client": {
      "version": "0.4.0",
      "resolved": "https://registry.npmjs.org/crowdcurio-client/-/crowdcurio-client-0.4.0.tgz",
      "integrity": "sha512-fa5lo14zk23K5EpulEIy503ZiZtFAq0JbtVBmOI5B1GSNzeVjfDZOafbj29aJYeE3BmMAGwVkeIi93cn5sPAOw==",
      "requires": {
        "node-markdown": "0.1.1",
        "reconnectingwebsocket": "1.0.0"
      }
    },
    "d3": {
      "version": "3.5.17",
      "resolved": "https://registry.npmjs.org/d3/-/d3-3.5.17.tgz",
      "integrity": "sha1-vEZ0gAQ3iyGjYMn8fPUjF5B2L7g="
    },
    "es6-object-assign": {
      "version": "1.1.0",
      "resolved": "https://registry.npmjs.org/es6-object-assign/-/es6-object-assign-1.1.0.tgz",
      "integrity": "sha1-wsNYJlYkfDnqEHyx5mUrb58kUjw="
    },
    "hammerjs": {
      "version": "2.0.8",
      "resolved": "https://registry.npmjs.org/hammerjs/-/hammerjs-2.0.8.tgz",
      "integrity": "sha1-BO93hiz/K7edMPdpIJWTAiK/YPE="
    },
    "jquery": {
      "version": "3.2.1",
      "resolved": "https://registry.npmjs.org/jquery/-/jquery-3.2.1.tgz",
      "integrity": "sha1-XE2d5lKvbNCncBVKYxu6ErAVx4c="
    },
    "jquery-ui-browserify": {
      "version": "1.11.0-pre-seelio",
      "resolved": "https://registry.npmjs.org/jquery-ui-browserify/-/jquery-ui-browserify-1.11.0pre-seelio.tgz",
      "integrity": "sha1-+tWxbQ6QVQ25cl//ZhvaqUFQWP4="
    },
    "materialize-css": {
      "version": "0.100.2",
      "resolved": "https://registry.npmjs.org/materialize-css/-/materialize-css-0.100.2.tgz",
      "integrity": "sha512-Bf4YeoJCIdk4dlpnmVX+DIOJBbqOKwfBPD+tT5bxwXNFMLk649CGbldqtnctkkfMp+fGgSAsdYu9lo1ZolZqgA==",
      "requires": {
        "hammerjs": "2.0.8",
        "jquery": "3.2.1"
      }
    },
    "node-markdown": {
      "version": "0.1.1",
      "resolved": "https://registry.npmjs.org/node-markdown/-/node-markdown-0.1.1.tgz",
      "integrity": "sha1-42W6ujjUrFbYVj3WnKbXIVsI+5Q="
    },
    "promise-polyfill": {
      "version": "6.1.0",
      "resolved": "https://registry.npmjs.org/promise-polyfill/-/promise-polyfill-6.1.0.tgz",
      "integrity": "sha1-36lpQ+qcEh/KTem1hoyznTRy4Fc="
    },
    "reconnectingwebsocket": {
      "version": "1.0.0",
      "resolved": "https://registry.npmjs.org/reconnectingwebsocket/-/reconnectingwebsocket-1.0.0.tgz",
      "integrity": "sha1-C4Jbq7N7ZwRFxlqn0+2XgwAgVEQ="
    },
    "sweetalert": {
      "version": "2.1.0",
      "resolved": "https://registry.npmjs.org/sweetalert/-/sweetalert-2.1.0.tgz",
      "integrity": "sha512-9YKj0SvjKyBfRWco50UOsIbXVeifYbxzT9Qda7EsqC01eafHGCSG0IR7g942ufjzt7lnwO8ZZBwr6emXv2fQrg==",
      "requires": {
        "es6-object-assign": "1.1.0",
        "promise-polyfill": "6.1.0"
      }
    }
  }
}
